
Microsoft Visual Studio Solution File, Format Version 12.00
# Visual Studio Version 17
VisualStudioVersion = 17.12.35521.163 d17.12
MinimumVisualStudioVersion = 10.0.40219.1
Project("{FAE04EC0-301F-11D3-BF4B-00C04F79EFBC}") = "ARDiscard", "ARDiscard\ARDiscard.csproj", "{A9B4C542-1C83-4F46-81E7-5BAFCA109767}"
EndProject
Project("{FAE04EC0-301F-11D3-BF4B-00C04F79EFBC}") = "LLib", "LLib\LLib.csproj", "{2E159617-A667-4EC8-B3A8-8B087315C181}"
EndProject
Project("{FAE04EC0-301F-11D3-BF4B-00C04F79EFBC}") = "AutoRetainerAPI", "AutoRetainerAPI\AutoRetainerAPI\AutoRetainerAPI.csproj", "{265C467A-3687-42AE-A178-CA7186852B38}"
EndProject
Project("{FAE04EC0-301F-11D3-BF4B-00C04F79EFBC}") = "ECommons", "ECommons\ECommons\ECommons.csproj", "{F4483C28-62CF-4EB2-A51E-FF0CF4B1E727}"
EndProject
Global
	GlobalSection(SolutionConfigurationPlatforms) = preSolution
		Debug|x64 = Debug|x64
		Release|x64 = Release|x64
	EndGlobalSection
	GlobalSection(ProjectConfigurationPlatforms) = postSolution
		{A9B4C542-1C83-4F46-81E7-5BAFCA109767}.Debug|x64.ActiveCfg = Debug|x64
		{A9B4C542-1C83-4F46-81E7-5BAFCA109767}.Debug|x64.Build.0 = Debug|x64
		{A9B4C542-1C83-4F46-81E7-5BAFCA109767}.Release|x64.ActiveCfg = Release|x64
		{A9B4C542-1C83-4F46-81E7-5BAFCA109767}.Release|x64.Build.0 = Release|x64
		{2E159617-A667-4EC8-B3A8-8B087315C181}.Debug|x64.ActiveCfg = Debug|x64
		{2E159617-A667-4EC8-B3A8-8B087315C181}.Debug|x64.Build.0 = Debug|x64
		{2E159617-A667-4EC8-B3A8-8B087315C181}.Release|x64.ActiveCfg = Release|x64
		{2E159617-A667-4EC8-B3A8-8B087315C181}.Release|x64.Build.0 = Release|x64
		{265C467A-3687-42AE-A178-CA7186852B38}.Debug|x64.ActiveCfg = Debug|x64
		{265C467A-3687-42AE-A178-CA7186852B38}.Debug|x64.Build.0 = Debug|x64
		{265C467A-3687-42AE-A178-CA7186852B38}.Release|x64.ActiveCfg = Release|x64
		{265C467A-3687-42AE-A178-CA7186852B38}.Release|x64.Build.0 = Release|x64
		{F4483C28-62CF-4EB2-A51E-FF0CF4B1E727}.Debug|x64.ActiveCfg = Debug|x64
		{F4483C28-62CF-4EB2-A51E-FF0CF4B1E727}.Debug|x64.Build.0 = Debug|x64
		{F4483C28-62CF-4EB2-A51E-FF0CF4B1E727}.Release|x64.ActiveCfg = Release|x64
		{F4483C28-62CF-4EB2-A51E-FF0CF4B1E727}.Release|x64.Build.0 = Release|x64
	EndGlobalSection
	GlobalSection(SolutionProperties) = preSolution
		HideSolutionNode = FALSE
	EndGlobalSection
EndGlobal
